
Microsoft Visual Studio Solution File, Format Version 12.00
# Visual Studio Version 17
VisualStudioVersion = 17.1.32228.430
MinimumVisualStudioVersion = 10.0.40219.1
Project("{FAE04EC0-301F-11D3-BF4B-00C04F79EFBC}") = "BookListRazor", "BookListRazor\BookListRazor.csproj", "{BCA87C4F-4ED4-449F-AECD-A938EF2CE1C9}"
EndProject
Global
	GlobalSection(SolutionConfigurationPlatforms) = preSolution
		Debug|Any CPU = Debug|Any CPU
		Release|Any CPU = Release|Any CPU
	EndGlobalSection
	GlobalSection(ProjectConfigurationPlatforms) = postSolution
		{BCA87C4F-4ED4-449F-AECD-A938EF2CE1C9}.Debug|Any CPU.ActiveCfg = Debug|Any CPU
		{BCA87C4F-4ED4-449F-AECD-A938EF2CE1C9}.Debug|Any CPU.Build.0 = Debug|Any CPU
		{BCA87C4F-4ED4-449F-AECD-A938EF2CE1C9}.Release|Any CPU.ActiveCfg = Release|Any CPU
		{BCA87C4F-4ED4-449F-AECD-A938EF2CE1C9}.Release|Any CPU.Build.0 = Release|Any CPU
	EndGlobalSection
	GlobalSection(SolutionProperties) = preSolution
		HideSolutionNode = FALSE
	EndGlobalSection
	GlobalSection(ExtensibilityGlobals) = postSolution
		SolutionGuid = {3CC232C2-348A-4D57-A2C5-F00B1883EB48}
	EndGlobalSection
EndGlobal
